// !$*UTF8*$!
{
	archiveVersion = 1;
	classes = {
	};
	objectVersion = 52;
	objects = {

/* Begin PBXBuildFile section */
		8B34BF392437293C00D519E5 /* AppDelegate.swift in Sources */ = {isa = PBXBuildFile; fileRef = 8B34BF382437293C00D519E5 /* AppDelegate.swift */; };
		8B34BF3B2437293C00D519E5 /* SceneDelegate.swift in Sources */ = {isa = PBXBuildFile; fileRef = 8B34BF3A2437293C00D519E5 /* SceneDelegate.swift */; };
		8B34BF3D2437293C00D519E5 /* BaseTabbarView.swift in Sources */ = {isa = PBXBuildFile; fileRef = 8B34BF3C2437293C00D519E5 /* BaseTabbarView.swift */; };
		8B34BF3F2437294000D519E5 /* Assets.xcassets in Resources */ = {isa = PBXBuildFile; fileRef = 8B34BF3E2437294000D519E5 /* Assets.xcassets */; };
		8B34BF422437294000D519E5 /* Preview Assets.xcassets in Resources */ = {isa = PBXBuildFile; fileRef = 8B34BF412437294000D519E5 /* Preview Assets.xcassets */; };
		8B34BF452437294000D519E5 /* LaunchScreen.storyboard in Resources */ = {isa = PBXBuildFile; fileRef = 8B34BF432437294000D519E5 /* LaunchScreen.storyboard */; };
		8B34BF4E243729C500D519E5 /* NetworkService.swift in Sources */ = {isa = PBXBuildFile; fileRef = 8B34BF4D243729C500D519E5 /* NetworkService.swift */; };
		8B34BF50243729E400D519E5 /* BaseAPIRequest.swift in Sources */ = {isa = PBXBuildFile; fileRef = 8B34BF4F243729E400D519E5 /* BaseAPIRequest.swift */; };
		8B34BF5224372A0F00D519E5 /* EndPoints.swift in Sources */ = {isa = PBXBuildFile; fileRef = 8B34BF5124372A0F00D519E5 /* EndPoints.swift */; };
		8B34BF5424372A2500D519E5 /* HTTPMethod.swift in Sources */ = {isa = PBXBuildFile; fileRef = 8B34BF5324372A2500D519E5 /* HTTPMethod.swift */; };
		8B34BF5624372CCE00D519E5 /* MainView.swift in Sources */ = {isa = PBXBuildFile; fileRef = 8B34BF5524372CCE00D519E5 /* MainView.swift */; };
		8B69D44C2438936F009D7602 /* NewsViewModel.swift in Sources */ = {isa = PBXBuildFile; fileRef = 8B69D44B2438936F009D7602 /* NewsViewModel.swift */; };
		8B69D44F24389A7D009D7602 /* NewsCell.swift in Sources */ = {isa = PBXBuildFile; fileRef = 8B69D44E24389A7D009D7602 /* NewsCell.swift */; };
		8B69D45224389B56009D7602 /* SDWebImageSwiftUI in Frameworks */ = {isa = PBXBuildFile; productRef = 8B69D45124389B56009D7602 /* SDWebImageSwiftUI */; };
		8B69D45424389B7E009D7602 /* NewsImage.swift in Sources */ = {isa = PBXBuildFile; fileRef = 8B69D45324389B7E009D7602 /* NewsImage.swift */; };
		8B69D45624389E6E009D7602 /* String+Extensions.swift in Sources */ = {isa = PBXBuildFile; fileRef = 8B69D45524389E6E009D7602 /* String+Extensions.swift */; };
		8B69D4592438A9FA009D7602 /* LanguageView.swift in Sources */ = {isa = PBXBuildFile; fileRef = 8B69D4582438A9FA009D7602 /* LanguageView.swift */; };
		8B69D45B2438C214009D7602 /* LoadingCell.swift in Sources */ = {isa = PBXBuildFile; fileRef = 8B69D45A2438C214009D7602 /* LoadingCell.swift */; };
		8B69D45D2438C3BD009D7602 /* NewsDetailView.swift in Sources */ = {isa = PBXBuildFile; fileRef = 8B69D45C2438C3BD009D7602 /* NewsDetailView.swift */; };
		8B6EE13D2437DF9B00E64FAB /* SwiftUICharts in Frameworks */ = {isa = PBXBuildFile; productRef = 8B6EE13C2437DF9B00E64FAB /* SwiftUICharts */; };
		8B77004924388F96001A0D4B /* NewsView.swift in Sources */ = {isa = PBXBuildFile; fileRef = 8B77004824388F96001A0D4B /* NewsView.swift */; };
		8B77004B243890AA001A0D4B /* NewsRequest.swift in Sources */ = {isa = PBXBuildFile; fileRef = 8B77004A243890AA001A0D4B /* NewsRequest.swift */; };
		8B77004F243890BB001A0D4B /* NewsResponse.swift in Sources */ = {isa = PBXBuildFile; fileRef = 8B77004E243890BB001A0D4B /* NewsResponse.swift */; };
		8BA3A8BE2437D75D00840533 /* CountryHistoricalResponse.swift in Sources */ = {isa = PBXBuildFile; fileRef = 8BA3A8BD2437D75D00840533 /* CountryHistoricalResponse.swift */; };
		8BA3A8C02437D7A900840533 /* CountryHistoricalRequest.swift in Sources */ = {isa = PBXBuildFile; fileRef = 8BA3A8BF2437D7A900840533 /* CountryHistoricalRequest.swift */; };
		8BBCB3D9243789E6000B54FA /* Int+Extensions.swift in Sources */ = {isa = PBXBuildFile; fileRef = 8BBCB3D8243789E6000B54FA /* Int+Extensions.swift */; };
		8BBCB3DB24378DD6000B54FA /* CountriesResponse.swift in Sources */ = {isa = PBXBuildFile; fileRef = 8BBCB3DA24378DD6000B54FA /* CountriesResponse.swift */; };
		8BBCB3DD24378E16000B54FA /* CountriesRequest.swift in Sources */ = {isa = PBXBuildFile; fileRef = 8BBCB3DC24378E16000B54FA /* CountriesRequest.swift */; };
		8BBCB3DF24379808000B54FA /* CountryView.swift in Sources */ = {isa = PBXBuildFile; fileRef = 8BBCB3DE24379808000B54FA /* CountryView.swift */; };
		8BBCB3E12437A16C000B54FA /* Color+Extensions.swift in Sources */ = {isa = PBXBuildFile; fileRef = 8BBCB3E02437A16C000B54FA /* Color+Extensions.swift */; };
		8BC33D3E24377E850088D2E0 /* MapView.swift in Sources */ = {isa = PBXBuildFile; fileRef = 8BC33D3D24377E850088D2E0 /* MapView.swift */; };
		8BC33D4124377FC60088D2E0 /* GlobalInfoView.swift in Sources */ = {isa = PBXBuildFile; fileRef = 8BC33D4024377FC60088D2E0 /* GlobalInfoView.swift */; };
		8BDEEAA024377ADF005324EC /* GlobalViewModel.swift in Sources */ = {isa = PBXBuildFile; fileRef = 8BDEEA9F24377ADF005324EC /* GlobalViewModel.swift */; };
		8BDEEAA324377B65005324EC /* AllResponse.swift in Sources */ = {isa = PBXBuildFile; fileRef = 8BDEEAA224377B65005324EC /* AllResponse.swift */; };
		8BDEEAA524377BF9005324EC /* AllRequest.swift in Sources */ = {isa = PBXBuildFile; fileRef = 8BDEEAA424377BF9005324EC /* AllRequest.swift */; };
/* End PBXBuildFile section */

/* Begin PBXFileReference section */
		8B34BF352437293C00D519E5 /* Pandemic Tracker.app */ = {isa = PBXFileReference; explicitFileType = wrapper.application; includeInIndex = 0; path = "Pandemic Tracker.app"; sourceTree = BUILT_PRODUCTS_DIR; };
		8B34BF382437293C00D519E5 /* AppDelegate.swift */ = {isa = PBXFileReference; lastKnownFileType = sourcecode.swift; path = AppDelegate.swift; sourceTree = "<group>"; };
		8B34BF3A2437293C00D519E5 /* SceneDelegate.swift */ = {isa = PBXFileReference; lastKnownFileType = sourcecode.swift; path = SceneDelegate.swift; sourceTree = "<group>"; };
		8B34BF3C2437293C00D519E5 /* BaseTabbarView.swift */ = {isa = PBXFileReference; lastKnownFileType = sourcecode.swift; path = BaseTabbarView.swift; sourceTree = "<group>"; };
		8B34BF3E2437294000D519E5 /* Assets.xcassets */ = {isa = PBXFileReference; lastKnownFileType = folder.assetcatalog; path = Assets.xcassets; sourceTree = "<group>"; };
		8B34BF412437294000D519E5 /* Preview Assets.xcassets */ = {isa = PBXFileReference; lastKnownFileType = folder.assetcatalog; path = "Preview Assets.xcassets"; sourceTree = "<group>"; };
		8B34BF442437294000D519E5 /* Base */ = {isa = PBXFileReference; lastKnownFileType = file.storyboard; name = Base; path = Base.lproj/LaunchScreen.storyboard; sourceTree = "<group>"; };
		8B34BF462437294000D519E5 /* Info.plist */ = {isa = PBXFileReference; lastKnownFileType = text.plist.xml; path = Info.plist; sourceTree = "<group>"; };
		8B34BF4D243729C500D519E5 /* NetworkService.swift */ = {isa = PBXFileReference; lastKnownFileType = sourcecode.swift; path = NetworkService.swift; sourceTree = "<group>"; };
		8B34BF4F243729E400D519E5 /* BaseAPIRequest.swift */ = {isa = PBXFileReference; lastKnownFileType = sourcecode.swift; path = BaseAPIRequest.swift; sourceTree = "<group>"; };
		8B34BF5124372A0F00D519E5 /* EndPoints.swift */ = {isa = PBXFileReference; lastKnownFileType = sourcecode.swift; path = EndPoints.swift; sourceTree = "<group>"; };
		8B34BF5324372A2500D519E5 /* HTTPMethod.swift */ = {isa = PBXFileReference; lastKnownFileType = sourcecode.swift; path = HTTPMethod.swift; sourceTree = "<group>"; };
		8B34BF5524372CCE00D519E5 /* MainView.swift */ = {isa = PBXFileReference; lastKnownFileType = sourcecode.swift; path = MainView.swift; sourceTree = "<group>"; };
		8B69D44B2438936F009D7602 /* NewsViewModel.swift */ = {isa = PBXFileReference; lastKnownFileType = sourcecode.swift; path = NewsViewModel.swift; sourceTree = "<group>"; };
		8B69D44E24389A7D009D7602 /* NewsCell.swift */ = {isa = PBXFileReference; lastKnownFileType = sourcecode.swift; path = NewsCell.swift; sourceTree = "<group>"; };
		8B69D45324389B7E009D7602 /* NewsImage.swift */ = {isa = PBXFileReference; lastKnownFileType = sourcecode.swift; path = NewsImage.swift; sourceTree = "<group>"; };
		8B69D45524389E6E009D7602 /* String+Extensions.swift */ = {isa = PBXFileReference; lastKnownFileType = sourcecode.swift; path = "String+Extensions.swift"; sourceTree = "<group>"; };
		8B69D4582438A9FA009D7602 /* LanguageView.swift */ = {isa = PBXFileReference; lastKnownFileType = sourcecode.swift; path = LanguageView.swift; sourceTree = "<group>"; };
		8B69D45A2438C214009D7602 /* LoadingCell.swift */ = {isa = PBXFileReference; lastKnownFileType = sourcecode.swift; path = LoadingCell.swift; sourceTree = "<group>"; };
		8B69D45C2438C3BD009D7602 /* NewsDetailView.swift */ = {isa = PBXFileReference; lastKnownFileType = sourcecode.swift; path = NewsDetailView.swift; sourceTree = "<group>"; };
		8B77004824388F96001A0D4B /* NewsView.swift */ = {isa = PBXFileReference; lastKnownFileType = sourcecode.swift; path = NewsView.swift; sourceTree = "<group>"; };
		8B77004A243890AA001A0D4B /* NewsRequest.swift */ = {isa = PBXFileReference; lastKnownFileType = sourcecode.swift; path = NewsRequest.swift; sourceTree = "<group>"; };
		8B77004E243890BB001A0D4B /* NewsResponse.swift */ = {isa = PBXFileReference; lastKnownFileType = sourcecode.swift; path = NewsResponse.swift; sourceTree = "<group>"; };
		8BA3A8BD2437D75D00840533 /* CountryHistoricalResponse.swift */ = {isa = PBXFileReference; lastKnownFileType = sourcecode.swift; path = CountryHistoricalResponse.swift; sourceTree = "<group>"; };
		8BA3A8BF2437D7A900840533 /* CountryHistoricalRequest.swift */ = {isa = PBXFileReference; lastKnownFileType = sourcecode.swift; path = CountryHistoricalRequest.swift; sourceTree = "<group>"; };
		8BBCB3D8243789E6000B54FA /* Int+Extensions.swift */ = {isa = PBXFileReference; lastKnownFileType = sourcecode.swift; path = "Int+Extensions.swift"; sourceTree = "<group>"; };
		8BBCB3DA24378DD6000B54FA /* CountriesResponse.swift */ = {isa = PBXFileReference; lastKnownFileType = sourcecode.swift; path = CountriesResponse.swift; sourceTree = "<group>"; };
		8BBCB3DC24378E16000B54FA /* CountriesRequest.swift */ = {isa = PBXFileReference; lastKnownFileType = sourcecode.swift; path = CountriesRequest.swift; sourceTree = "<group>"; };
		8BBCB3DE24379808000B54FA /* CountryView.swift */ = {isa = PBXFileReference; lastKnownFileType = sourcecode.swift; path = CountryView.swift; sourceTree = "<group>"; };
		8BBCB3E02437A16C000B54FA /* Color+Extensions.swift */ = {isa = PBXFileReference; lastKnownFileType = sourcecode.swift; path = "Color+Extensions.swift"; sourceTree = "<group>"; };
		8BC33D3D24377E850088D2E0 /* MapView.swift */ = {isa = PBXFileReference; lastKnownFileType = sourcecode.swift; path = MapView.swift; sourceTree = "<group>"; };
		8BC33D4024377FC60088D2E0 /* GlobalInfoView.swift */ = {isa = PBXFileReference; lastKnownFileType = sourcecode.swift; path = GlobalInfoView.swift; sourceTree = "<group>"; };
		8BDEEA9F24377ADF005324EC /* GlobalViewModel.swift */ = {isa = PBXFileReference; lastKnownFileType = sourcecode.swift; path = GlobalViewModel.swift; sourceTree = "<group>"; };
		8BDEEAA224377B65005324EC /* AllResponse.swift */ = {isa = PBXFileReference; lastKnownFileType = sourcecode.swift; path = AllResponse.swift; sourceTree = "<group>"; };
		8BDEEAA424377BF9005324EC /* AllRequest.swift */ = {isa = PBXFileReference; lastKnownFileType = sourcecode.swift; path = AllRequest.swift; sourceTree = "<group>"; };
/* End PBXFileReference section */

/* Begin PBXFrameworksBuildPhase section */
		8B34BF322437293C00D519E5 /* Frameworks */ = {
			isa = PBXFrameworksBuildPhase;
			buildActionMask = 2147483647;
			files = (
				8B69D45224389B56009D7602 /* SDWebImageSwiftUI in Frameworks */,
				8B6EE13D2437DF9B00E64FAB /* SwiftUICharts in Frameworks */,
			);
			runOnlyForDeploymentPostprocessing = 0;
		};
/* End PBXFrameworksBuildPhase section */

/* Begin PBXGroup section */
		8B34BF2C2437293B00D519E5 = {
			isa = PBXGroup;
			children = (
				8B34BF372437293C00D519E5 /* Pandemic Tracker */,
				8B34BF362437293C00D519E5 /* Products */,
			);
			sourceTree = "<group>";
		};
		8B34BF362437293C00D519E5 /* Products */ = {
			isa = PBXGroup;
			children = (
				8B34BF352437293C00D519E5 /* Pandemic Tracker.app */,
			);
			name = Products;
			sourceTree = "<group>";
		};
		8B34BF372437293C00D519E5 /* Pandemic Tracker */ = {
			isa = PBXGroup;
			children = (
				8BBCB3D6243789CF000B54FA /* Utility */,
				8B34BF4C2437299C00D519E5 /* Service */,
				8BF857432437791B00360305 /* UI */,
				8BDEEA9C24377A96005324EC /* Others */,
				8B34BF462437294000D519E5 /* Info.plist */,
				8B34BF402437294000D519E5 /* Preview Content */,
			);
			path = "Pandemic Tracker";
			sourceTree = "<group>";
		};
		8B34BF402437294000D519E5 /* Preview Content */ = {
			isa = PBXGroup;
			children = (
				8B34BF412437294000D519E5 /* Preview Assets.xcassets */,
			);
			path = "Preview Content";
			sourceTree = "<group>";
		};
		8B34BF4C2437299C00D519E5 /* Service */ = {
			isa = PBXGroup;
			children = (
				8B34BF4D243729C500D519E5 /* NetworkService.swift */,
				8B34BF4F243729E400D519E5 /* BaseAPIRequest.swift */,
				8B34BF5124372A0F00D519E5 /* EndPoints.swift */,
				8B34BF5324372A2500D519E5 /* HTTPMethod.swift */,
			);
			path = Service;
			sourceTree = "<group>";
		};
		8B69D44D24389A72009D7602 /* Cell */ = {
			isa = PBXGroup;
			children = (
				8B69D44E24389A7D009D7602 /* NewsCell.swift */,
				8B69D45324389B7E009D7602 /* NewsImage.swift */,
				8B69D45A2438C214009D7602 /* LoadingCell.swift */,
			);
			path = Cell;
			sourceTree = "<group>";
		};
		8B69D4572438A9F1009D7602 /* SubViews */ = {
			isa = PBXGroup;
			children = (
				8B69D4582438A9FA009D7602 /* LanguageView.swift */,
				8B69D45C2438C3BD009D7602 /* NewsDetailView.swift */,
			);
			path = SubViews;
			sourceTree = "<group>";
		};
		8B77004724388F69001A0D4B /* NewsView */ = {
			isa = PBXGroup;
			children = (
				8B69D4572438A9F1009D7602 /* SubViews */,
				8B69D44D24389A72009D7602 /* Cell */,
				8B77004D243890B5001A0D4B /* Model */,
				8B77004C243890AE001A0D4B /* Requests */,
				8B77004824388F96001A0D4B /* NewsView.swift */,
				8B69D44B2438936F009D7602 /* NewsViewModel.swift */,
			);
			path = NewsView;
			sourceTree = "<group>";
		};
		8B77004C243890AE001A0D4B /* Requests */ = {
			isa = PBXGroup;
			children = (
				8B77004A243890AA001A0D4B /* NewsRequest.swift */,
			);
			path = Requests;
			sourceTree = "<group>";
		};
		8B77004D243890B5001A0D4B /* Model */ = {
			isa = PBXGroup;
			children = (
				8B77004E243890BB001A0D4B /* NewsResponse.swift */,
			);
			path = Model;
			sourceTree = "<group>";
		};
		8BBCB3D6243789CF000B54FA /* Utility */ = {
			isa = PBXGroup;
			children = (
				8BBCB3D7243789DA000B54FA /* Extensions */,
			);
			path = Utility;
			sourceTree = "<group>";
		};
		8BBCB3D7243789DA000B54FA /* Extensions */ = {
			isa = PBXGroup;
			children = (
				8BBCB3D8243789E6000B54FA /* Int+Extensions.swift */,
				8BBCB3E02437A16C000B54FA /* Color+Extensions.swift */,
				8B69D45524389E6E009D7602 /* String+Extensions.swift */,
			);
			path = Extensions;
			sourceTree = "<group>";
		};
		8BC33D3F24377EBA0088D2E0 /* MainView */ = {
			isa = PBXGroup;
			children = (
				8BDEEA9D24377AB8005324EC /* SubViews */,
				8BDEEAA624377BFC005324EC /* Requests */,
				8BDEEAA124377B50005324EC /* Model */,
				8B34BF5524372CCE00D519E5 /* MainView.swift */,
				8BDEEA9F24377ADF005324EC /* GlobalViewModel.swift */,
			);
			path = MainView;
			sourceTree = "<group>";
		};
		8BDEEA9C24377A96005324EC /* Others */ = {
			isa = PBXGroup;
			children = (
				8B34BF382437293C00D519E5 /* AppDelegate.swift */,
				8B34BF3A2437293C00D519E5 /* SceneDelegate.swift */,
				8B34BF3E2437294000D519E5 /* Assets.xcassets */,
				8B34BF432437294000D519E5 /* LaunchScreen.storyboard */,
			);
			path = Others;
			sourceTree = "<group>";
		};
		8BDEEA9D24377AB8005324EC /* SubViews */ = {
			isa = PBXGroup;
			children = (
				8BC33D4024377FC60088D2E0 /* GlobalInfoView.swift */,
				8BBCB3DE24379808000B54FA /* CountryView.swift */,
				8BC33D3D24377E850088D2E0 /* MapView.swift */,
			);
			path = SubViews;
			sourceTree = "<group>";
		};
		8BDEEAA124377B50005324EC /* Model */ = {
			isa = PBXGroup;
			children = (
				8BDEEAA224377B65005324EC /* AllResponse.swift */,
				8BBCB3DA24378DD6000B54FA /* CountriesResponse.swift */,
				8BA3A8BD2437D75D00840533 /* CountryHistoricalResponse.swift */,
			);
			path = Model;
			sourceTree = "<group>";
		};
		8BDEEAA624377BFC005324EC /* Requests */ = {
			isa = PBXGroup;
			children = (
				8BDEEAA424377BF9005324EC /* AllRequest.swift */,
				8BBCB3DC24378E16000B54FA /* CountriesRequest.swift */,
				8BA3A8BF2437D7A900840533 /* CountryHistoricalRequest.swift */,
			);
			path = Requests;
			sourceTree = "<group>";
		};
		8BF857432437791B00360305 /* UI */ = {
			isa = PBXGroup;
			children = (
				8B34BF3C2437293C00D519E5 /* BaseTabbarView.swift */,
				8B77004724388F69001A0D4B /* NewsView */,
				8BC33D3F24377EBA0088D2E0 /* MainView */,
			);
			path = UI;
			sourceTree = "<group>";
		};
/* End PBXGroup section */

/* Begin PBXNativeTarget section */
		8B34BF342437293C00D519E5 /* Pandemic Tracker */ = {
			isa = PBXNativeTarget;
			buildConfigurationList = 8B34BF492437294000D519E5 /* Build configuration list for PBXNativeTarget "Pandemic Tracker" */;
			buildPhases = (
				8B34BF312437293C00D519E5 /* Sources */,
				8B34BF322437293C00D519E5 /* Frameworks */,
				8B34BF332437293C00D519E5 /* Resources */,
			);
			buildRules = (
			);
			dependencies = (
			);
			name = "Pandemic Tracker";
			packageProductDependencies = (
				8B6EE13C2437DF9B00E64FAB /* SwiftUICharts */,
				8B69D45124389B56009D7602 /* SDWebImageSwiftUI */,
			);
			productName = "Pandemic Tracker";
			productReference = 8B34BF352437293C00D519E5 /* Pandemic Tracker.app */;
			productType = "com.apple.product-type.application";
		};
/* End PBXNativeTarget section */

/* Begin PBXProject section */
		8B34BF2D2437293B00D519E5 /* Project object */ = {
			isa = PBXProject;
			attributes = {
				LastSwiftUpdateCheck = 1140;
				LastUpgradeCheck = 1140;
				ORGANIZATIONNAME = Akar;
				TargetAttributes = {
					8B34BF342437293C00D519E5 = {
						CreatedOnToolsVersion = 11.4;
					};
				};
			};
			buildConfigurationList = 8B34BF302437293B00D519E5 /* Build configuration list for PBXProject "Pandemic Tracker" */;
			compatibilityVersion = "Xcode 9.3";
			developmentRegion = en;
			hasScannedForEncodings = 0;
			knownRegions = (
				en,
				Base,
			);
			mainGroup = 8B34BF2C2437293B00D519E5;
			packageReferences = (
				8B6EE13B2437DF9B00E64FAB /* XCRemoteSwiftPackageReference "ChartView" */,
				8B69D45024389B56009D7602 /* XCRemoteSwiftPackageReference "SDWebImageSwiftUI" */,
			);
			productRefGroup = 8B34BF362437293C00D519E5 /* Products */;
			projectDirPath = "";
			projectRoot = "";
			targets = (
				8B34BF342437293C00D519E5 /* Pandemic Tracker */,
			);
		};
/* End PBXProject section */

/* Begin PBXResourcesBuildPhase section */
		8B34BF332437293C00D519E5 /* Resources */ = {
			isa = PBXResourcesBuildPhase;
			buildActionMask = 2147483647;
			files = (
				8B34BF452437294000D519E5 /* LaunchScreen.storyboard in Resources */,
				8B34BF422437294000D519E5 /* Preview Assets.xcassets in Resources */,
				8B34BF3F2437294000D519E5 /* Assets.xcassets in Resources */,
			);
			runOnlyForDeploymentPostprocessing = 0;
		};
/* End PBXResourcesBuildPhase section */

/* Begin PBXSourcesBuildPhase section */
		8B34BF312437293C00D519E5 /* Sources */ = {
			isa = PBXSourcesBuildPhase;
			buildActionMask = 2147483647;
			files = (
				8BA3A8BE2437D75D00840533 /* CountryHistoricalResponse.swift in Sources */,
				8BBCB3DF24379808000B54FA /* CountryView.swift in Sources */,
				8BDEEAA524377BF9005324EC /* AllRequest.swift in Sources */,
				8B77004924388F96001A0D4B /* NewsView.swift in Sources */,
				8B69D45D2438C3BD009D7602 /* NewsDetailView.swift in Sources */,
				8BC33D3E24377E850088D2E0 /* MapView.swift in Sources */,
				8BDEEAA324377B65005324EC /* AllResponse.swift in Sources */,
				8B77004B243890AA001A0D4B /* NewsRequest.swift in Sources */,
				8B69D44C2438936F009D7602 /* NewsViewModel.swift in Sources */,
				8B34BF50243729E400D519E5 /* BaseAPIRequest.swift in Sources */,
				8BDEEAA024377ADF005324EC /* GlobalViewModel.swift in Sources */,
				8B69D45424389B7E009D7602 /* NewsImage.swift in Sources */,
				8B34BF5624372CCE00D519E5 /* MainView.swift in Sources */,
				8B69D4592438A9FA009D7602 /* LanguageView.swift in Sources */,
				8BBCB3DD24378E16000B54FA /* CountriesRequest.swift in Sources */,
				8B69D45624389E6E009D7602 /* String+Extensions.swift in Sources */,
				8B34BF392437293C00D519E5 /* AppDelegate.swift in Sources */,
				8BC33D4124377FC60088D2E0 /* GlobalInfoView.swift in Sources */,
				8B69D45B2438C214009D7602 /* LoadingCell.swift in Sources */,
				8BBCB3DB24378DD6000B54FA /* CountriesResponse.swift in Sources */,
				8BBCB3E12437A16C000B54FA /* Color+Extensions.swift in Sources */,
				8B34BF5424372A2500D519E5 /* HTTPMethod.swift in Sources */,
				8B34BF3B2437293C00D519E5 /* SceneDelegate.swift in Sources */,
				8B77004F243890BB001A0D4B /* NewsResponse.swift in Sources */,
				8B34BF4E243729C500D519E5 /* NetworkService.swift in Sources */,
				8BA3A8C02437D7A900840533 /* CountryHistoricalRequest.swift in Sources */,
				8BBCB3D9243789E6000B54FA /* Int+Extensions.swift in Sources */,
				8B34BF5224372A0F00D519E5 /* EndPoints.swift in Sources */,
				8B34BF3D2437293C00D519E5 /* BaseTabbarView.swift in Sources */,
				8B69D44F24389A7D009D7602 /* NewsCell.swift in Sources */,
			);
			runOnlyForDeploymentPostprocessing = 0;
		};
/* End PBXSourcesBuildPhase section */

/* Begin PBXVariantGroup section */
		8B34BF432437294000D519E5 /* LaunchScreen.storyboard */ = {
			isa = PBXVariantGroup;
			children = (
				8B34BF442437294000D519E5 /* Base */,
			);
			name = LaunchScreen.storyboard;
			sourceTree = "<group>";
		};
/* End PBXVariantGroup section */

/* Begin XCBuildConfiguration section */
		8B34BF472437294000D519E5 /* Debug */ = {
			isa = XCBuildConfiguration;
			buildSettings = {
				ALWAYS_SEARCH_USER_PATHS = NO;
				CLANG_ANALYZER_NONNULL = YES;
				CLANG_ANALYZER_NUMBER_OBJECT_CONVERSION = YES_AGGRESSIVE;
				CLANG_CXX_LANGUAGE_STANDARD = "gnu++14";
				CLANG_CXX_LIBRARY = "libc++";
				CLANG_ENABLE_MODULES = YES;
				CLANG_ENABLE_OBJC_ARC = YES;
				CLANG_ENABLE_OBJC_WEAK = YES;
				CLANG_WARN_BLOCK_CAPTURE_AUTORELEASING = YES;
				CLANG_WARN_BOOL_CONVERSION = YES;
				CLANG_WARN_COMMA = YES;
				CLANG_WARN_CONSTANT_CONVERSION = YES;
				CLANG_WARN_DEPRECATED_OBJC_IMPLEMENTATIONS = YES;
				CLANG_WARN_DIRECT_OBJC_ISA_USAGE = YES_ERROR;
				CLANG_WARN_DOCUMENTATION_COMMENTS = YES;
				CLANG_WARN_EMPTY_BODY = YES;
				CLANG_WARN_ENUM_CONVERSION = YES;
				CLANG_WARN_INFINITE_RECURSION = YES;
				CLANG_WARN_INT_CONVERSION = YES;
				CLANG_WARN_NON_LITERAL_NULL_CONVERSION = YES;
				CLANG_WARN_OBJC_IMPLICIT_RETAIN_SELF = YES;
				CLANG_WARN_OBJC_LITERAL_CONVERSION = YES;
				CLANG_WARN_OBJC_ROOT_CLASS = YES_ERROR;
				CLANG_WARN_RANGE_LOOP_ANALYSIS = YES;
				CLANG_WARN_STRICT_PROTOTYPES = YES;
				CLANG_WARN_SUSPICIOUS_MOVE = YES;
				CLANG_WARN_UNGUARDED_AVAILABILITY = YES_AGGRESSIVE;
				CLANG_WARN_UNREACHABLE_CODE = YES;
				CLANG_WARN__DUPLICATE_METHOD_MATCH = YES;
				COPY_PHASE_STRIP = NO;
				DEBUG_INFORMATION_FORMAT = dwarf;
				ENABLE_STRICT_OBJC_MSGSEND = YES;
				ENABLE_TESTABILITY = YES;
				GCC_C_LANGUAGE_STANDARD = gnu11;
				GCC_DYNAMIC_NO_PIC = NO;
				GCC_NO_COMMON_BLOCKS = YES;
				GCC_OPTIMIZATION_LEVEL = 0;
				GCC_PREPROCESSOR_DEFINITIONS = (
					"DEBUG=1",
					"$(inherited)",
				);
				GCC_WARN_64_TO_32_BIT_CONVERSION = YES;
				GCC_WARN_ABOUT_RETURN_TYPE = YES_ERROR;
				GCC_WARN_UNDECLARED_SELECTOR = YES;
				GCC_WARN_UNINITIALIZED_AUTOS = YES_AGGRESSIVE;
				GCC_WARN_UNUSED_FUNCTION = YES;
				GCC_WARN_UNUSED_VARIABLE = YES;
				IPHONEOS_DEPLOYMENT_TARGET = 13.3;
				MTL_ENABLE_DEBUG_INFO = INCLUDE_SOURCE;
				MTL_FAST_MATH = YES;
				ONLY_ACTIVE_ARCH = YES;
				SDKROOT = iphoneos;
				SWIFT_ACTIVE_COMPILATION_CONDITIONS = DEBUG;
				SWIFT_OPTIMIZATION_LEVEL = "-Onone";
			};
			name = Debug;
		};
		8B34BF482437294000D519E5 /* Release */ = {
			isa = XCBuildConfiguration;
			buildSettings = {
				ALWAYS_SEARCH_USER_PATHS = NO;
				CLANG_ANALYZER_NONNULL = YES;
				CLANG_ANALYZER_NUMBER_OBJECT_CONVERSION = YES_AGGRESSIVE;
				CLANG_CXX_LANGUAGE_STANDARD = "gnu++14";
				CLANG_CXX_LIBRARY = "libc++";
				CLANG_ENABLE_MODULES = YES;
				CLANG_ENABLE_OBJC_ARC = YES;
				CLANG_ENABLE_OBJC_WEAK = YES;
				CLANG_WARN_BLOCK_CAPTURE_AUTORELEASING = YES;
				CLANG_WARN_BOOL_CONVERSION = YES;
				CLANG_WARN_COMMA = YES;
				CLANG_WARN_CONSTANT_CONVERSION = YES;
				CLANG_WARN_DEPRECATED_OBJC_IMPLEMENTATIONS = YES;
				CLANG_WARN_DIRECT_OBJC_ISA_USAGE = YES_ERROR;
				CLANG_WARN_DOCUMENTATION_COMMENTS = YES;
				CLANG_WARN_EMPTY_BODY = YES;
				CLANG_WARN_ENUM_CONVERSION = YES;
				CLANG_WARN_INFINITE_RECURSION = YES;
				CLANG_WARN_INT_CONVERSION = YES;
				CLANG_WARN_NON_LITERAL_NULL_CONVERSION = YES;
				CLANG_WARN_OBJC_IMPLICIT_RETAIN_SELF = YES;
				CLANG_WARN_OBJC_LITERAL_CONVERSION = YES;
				CLANG_WARN_OBJC_ROOT_CLASS = YES_ERROR;
				CLANG_WARN_RANGE_LOOP_ANALYSIS = YES;
				CLANG_WARN_STRICT_PROTOTYPES = YES;
				CLANG_WARN_SUSPICIOUS_MOVE = YES;
				CLANG_WARN_UNGUARDED_AVAILABILITY = YES_AGGRESSIVE;
				CLANG_WARN_UNREACHABLE_CODE = YES;
				CLANG_WARN__DUPLICATE_METHOD_MATCH = YES;
				COPY_PHASE_STRIP = NO;
				DEBUG_INFORMATION_FORMAT = "dwarf-with-dsym";
				ENABLE_NS_ASSERTIONS = NO;
				ENABLE_STRICT_OBJC_MSGSEND = YES;
				GCC_C_LANGUAGE_STANDARD = gnu11;
				GCC_NO_COMMON_BLOCKS = YES;
				GCC_WARN_64_TO_32_BIT_CONVERSION = YES;
				GCC_WARN_ABOUT_RETURN_TYPE = YES_ERROR;
				GCC_WARN_UNDECLARED_SELECTOR = YES;
				GCC_WARN_UNINITIALIZED_AUTOS = YES_AGGRESSIVE;
				GCC_WARN_UNUSED_FUNCTION = YES;
				GCC_WARN_UNUSED_VARIABLE = YES;
				IPHONEOS_DEPLOYMENT_TARGET = 13.3;
				MTL_ENABLE_DEBUG_INFO = NO;
				MTL_FAST_MATH = YES;
				SDKROOT = iphoneos;
				SWIFT_COMPILATION_MODE = wholemodule;
				SWIFT_OPTIMIZATION_LEVEL = "-O";
				VALIDATE_PRODUCT = YES;
			};
			name = Release;
		};
		8B34BF4A2437294000D519E5 /* Debug */ = {
			isa = XCBuildConfiguration;
			buildSettings = {
				ASSETCATALOG_COMPILER_APPICON_NAME = AppIcon;
				CODE_SIGN_STYLE = Automatic;
				DEVELOPMENT_ASSET_PATHS = "\"Pandemic Tracker/Preview Content\"";
				DEVELOPMENT_TEAM = 5V8RJEQVZK;
				ENABLE_PREVIEWS = YES;
				INFOPLIST_FILE = "Pandemic Tracker/Info.plist";
				LD_RUNPATH_SEARCH_PATHS = (
					"$(inherited)",
					"@executable_path/Frameworks",
				);
				PRODUCT_BUNDLE_IDENTIFIER = "com.Akar.Pandemic-Tracker";
				PRODUCT_NAME = "$(TARGET_NAME)";
				SWIFT_VERSION = 5.0;
				TARGETED_DEVICE_FAMILY = "1,2";
			};
			name = Debug;
		};
		8B34BF4B2437294000D519E5 /* Release */ = {
			isa = XCBuildConfiguration;
			buildSettings = {
				ASSETCATALOG_COMPILER_APPICON_NAME = AppIcon;
				CODE_SIGN_STYLE = Automatic;
				DEVELOPMENT_ASSET_PATHS = "\"Pandemic Tracker/Preview Content\"";
				DEVELOPMENT_TEAM = 5V8RJEQVZK;
				ENABLE_PREVIEWS = YES;
				INFOPLIST_FILE = "Pandemic Tracker/Info.plist";
				LD_RUNPATH_SEARCH_PATHS = (
					"$(inherited)",
					"@executable_path/Frameworks",
				);
				PRODUCT_BUNDLE_IDENTIFIER = "com.Akar.Pandemic-Tracker";
				PRODUCT_NAME = "$(TARGET_NAME)";
				SWIFT_VERSION = 5.0;
				TARGETED_DEVICE_FAMILY = "1,2";
			};
			name = Release;
		};
/* End XCBuildConfiguration section */

/* Begin XCConfigurationList section */
		8B34BF302437293B00D519E5 /* Build configuration list for PBXProject "Pandemic Tracker" */ = {
			isa = XCConfigurationList;
			buildConfigurations = (
				8B34BF472437294000D519E5 /* Debug */,
				8B34BF482437294000D519E5 /* Release */,
			);
			defaultConfigurationIsVisible = 0;
			defaultConfigurationName = Release;
		};
		8B34BF492437294000D519E5 /* Build configuration list for PBXNativeTarget "Pandemic Tracker" */ = {
			isa = XCConfigurationList;
			buildConfigurations = (
				8B34BF4A2437294000D519E5 /* Debug */,
				8B34BF4B2437294000D519E5 /* Release */,
			);
			defaultConfigurationIsVisible = 0;
			defaultConfigurationName = Release;
		};
/* End XCConfigurationList section */

/* Begin XCRemoteSwiftPackageReference section */
		8B69D45024389B56009D7602 /* XCRemoteSwiftPackageReference "SDWebImageSwiftUI" */ = {
			isa = XCRemoteSwiftPackageReference;
			repositoryURL = "https://github.com/SDWebImage/SDWebImageSwiftUI.git";
			requirement = {
				kind = upToNextMajorVersion;
				minimumVersion = 1.2.1;
			};
		};
		8B6EE13B2437DF9B00E64FAB /* XCRemoteSwiftPackageReference "ChartView" */ = {
			isa = XCRemoteSwiftPackageReference;
			repositoryURL = "https://github.com/AppPear/ChartView";
			requirement = {
				kind = upToNextMajorVersion;
				minimumVersion = 1.5.0;
			};
		};
/* End XCRemoteSwiftPackageReference section */

/* Begin XCSwiftPackageProductDependency section */
		8B69D45124389B56009D7602 /* SDWebImageSwiftUI */ = {
			isa = XCSwiftPackageProductDependency;
			package = 8B69D45024389B56009D7602 /* XCRemoteSwiftPackageReference "SDWebImageSwiftUI" */;
			productName = SDWebImageSwiftUI;
		};
		8B6EE13C2437DF9B00E64FAB /* SwiftUICharts */ = {
			isa = XCSwiftPackageProductDependency;
			package = 8B6EE13B2437DF9B00E64FAB /* XCRemoteSwiftPackageReference "ChartView" */;
			productName = SwiftUICharts;
		};
/* End XCSwiftPackageProductDependency section */
	};
	rootObject = 8B34BF2D2437293B00D519E5 /* Project object */;
}
